// !$*UTF8*$!
{
	archiveVersion = 1;
	classes = {
	};
	objectVersion = 46;
	objects = {

/* Begin PBXBuildFile section */
		50E4C90DF4CA0615537CF1C5 /* Pods_TelecareLive.framework in Frameworks */ = {isa = PBXBuildFile; fileRef = 0558B3279EF470A72B4031F4 /* Pods_TelecareLive.framework */; };
		FF00893D1D935BB600127B66 /* AppDelegate.swift in Sources */ = {isa = PBXBuildFile; fileRef = FF00893C1D935BB600127B66 /* AppDelegate.swift */; };
		FF00893F1D935BB600127B66 /* ViewController.swift in Sources */ = {isa = PBXBuildFile; fileRef = FF00893E1D935BB600127B66 /* ViewController.swift */; };
		FF0089421D935BB600127B66 /* Main.storyboard in Resources */ = {isa = PBXBuildFile; fileRef = FF0089401D935BB600127B66 /* Main.storyboard */; };
		FF0089441D935BB600127B66 /* Assets.xcassets in Resources */ = {isa = PBXBuildFile; fileRef = FF0089431D935BB600127B66 /* Assets.xcassets */; };
		FF0089471D935BB600127B66 /* LaunchScreen.storyboard in Resources */ = {isa = PBXBuildFile; fileRef = FF0089451D935BB600127B66 /* LaunchScreen.storyboard */; };
		FF19E33B1D95F51300375804 /* KeychainSwift.framework in Frameworks */ = {isa = PBXBuildFile; fileRef = FF19E33A1D95F51300375804 /* KeychainSwift.framework */; };
		FF19E33D1D95F55900375804 /* Pods_TelecareLive.framework in Frameworks */ = {isa = PBXBuildFile; fileRef = FF19E33C1D95F55900375804 /* Pods_TelecareLive.framework */; };
		FF19E3421D95F66100375804 /* Alamofire.framework in Frameworks */ = {isa = PBXBuildFile; fileRef = FF19E3401D95F66100375804 /* Alamofire.framework */; };
		FF19E3431D95F66100375804 /* SwiftyJSON.framework in Frameworks */ = {isa = PBXBuildFile; fileRef = FF19E3411D95F66100375804 /* SwiftyJSON.framework */; };
/* End PBXBuildFile section */

/* Begin PBXFileReference section */
		0558B3279EF470A72B4031F4 /* Pods_TelecareLive.framework */ = {isa = PBXFileReference; explicitFileType = wrapper.framework; includeInIndex = 0; path = Pods_TelecareLive.framework; sourceTree = BUILT_PRODUCTS_DIR; };
		30010F04894E758F00C8E892 /* Pods-TelecareLive.release.xcconfig */ = {isa = PBXFileReference; includeInIndex = 1; lastKnownFileType = text.xcconfig; name = "Pods-TelecareLive.release.xcconfig"; path = "Pods/Target Support Files/Pods-TelecareLive/Pods-TelecareLive.release.xcconfig"; sourceTree = "<group>"; };
		F38FFB0811D2264D88403493 /* Pods-TelecareLive.debug.xcconfig */ = {isa = PBXFileReference; includeInIndex = 1; lastKnownFileType = text.xcconfig; name = "Pods-TelecareLive.debug.xcconfig"; path = "Pods/Target Support Files/Pods-TelecareLive/Pods-TelecareLive.debug.xcconfig"; sourceTree = "<group>"; };
		FF0089391D935BB600127B66 /* TelecareLive.app */ = {isa = PBXFileReference; explicitFileType = wrapper.application; includeInIndex = 0; path = TelecareLive.app; sourceTree = BUILT_PRODUCTS_DIR; };
		FF00893C1D935BB600127B66 /* AppDelegate.swift */ = {isa = PBXFileReference; lastKnownFileType = sourcecode.swift; path = AppDelegate.swift; sourceTree = "<group>"; };
		FF00893E1D935BB600127B66 /* ViewController.swift */ = {isa = PBXFileReference; lastKnownFileType = sourcecode.swift; path = ViewController.swift; sourceTree = "<group>"; };
		FF0089411D935BB600127B66 /* Base */ = {isa = PBXFileReference; lastKnownFileType = file.storyboard; name = Base; path = Base.lproj/Main.storyboard; sourceTree = "<group>"; };
		FF0089431D935BB600127B66 /* Assets.xcassets */ = {isa = PBXFileReference; lastKnownFileType = folder.assetcatalog; path = Assets.xcassets; sourceTree = "<group>"; };
		FF0089461D935BB600127B66 /* Base */ = {isa = PBXFileReference; lastKnownFileType = file.storyboard; name = Base; path = Base.lproj/LaunchScreen.storyboard; sourceTree = "<group>"; };
		FF0089481D935BB600127B66 /* Info.plist */ = {isa = PBXFileReference; lastKnownFileType = text.plist.xml; path = Info.plist; sourceTree = "<group>"; };
		FF19E33A1D95F51300375804 /* KeychainSwift.framework */ = {isa = PBXFileReference; lastKnownFileType = wrapper.framework; name = KeychainSwift.framework; path = "../../../../Library/Developer/Xcode/DerivedData/TelecareLive-ffjuqnjlnepxznflblipqvuudjnv/Build/Products/Debug-iphonesimulator/KeychainSwift/KeychainSwift.framework"; sourceTree = "<group>"; };
		FF19E33C1D95F55900375804 /* Pods_TelecareLive.framework */ = {isa = PBXFileReference; lastKnownFileType = wrapper.framework; name = Pods_TelecareLive.framework; path = "../../../../Library/Developer/Xcode/DerivedData/TelecareLive-ffjuqnjlnepxznflblipqvuudjnv/Build/Products/Debug-iphonesimulator/Pods_TelecareLive.framework"; sourceTree = "<group>"; };
		FF19E3401D95F66100375804 /* Alamofire.framework */ = {isa = PBXFileReference; lastKnownFileType = wrapper.framework; name = Alamofire.framework; path = "../../../../Library/Developer/Xcode/DerivedData/TelecareLive-ffjuqnjlnepxznflblipqvuudjnv/Build/Products/Debug-iphonesimulator/Alamofire/Alamofire.framework"; sourceTree = "<group>"; };
		FF19E3411D95F66100375804 /* SwiftyJSON.framework */ = {isa = PBXFileReference; lastKnownFileType = wrapper.framework; name = SwiftyJSON.framework; path = "../../../../Library/Developer/Xcode/DerivedData/TelecareLive-ffjuqnjlnepxznflblipqvuudjnv/Build/Products/Debug-iphonesimulator/SwiftyJSON/SwiftyJSON.framework"; sourceTree = "<group>"; };
/* End PBXFileReference section */

/* Begin PBXFrameworksBuildPhase section */
		FF0089361D935BB600127B66 /* Frameworks */ = {
			isa = PBXFrameworksBuildPhase;
			buildActionMask = 2147483647;
			files = (
				FF19E3421D95F66100375804 /* Alamofire.framework in Frameworks */,
				FF19E3431D95F66100375804 /* SwiftyJSON.framework in Frameworks */,
				FF19E33D1D95F55900375804 /* Pods_TelecareLive.framework in Frameworks */,
				FF19E33B1D95F51300375804 /* KeychainSwift.framework in Frameworks */,
				50E4C90DF4CA0615537CF1C5 /* Pods_TelecareLive.framework in Frameworks */,
			);
			runOnlyForDeploymentPostprocessing = 0;
		};
/* End PBXFrameworksBuildPhase section */

/* Begin PBXGroup section */
		5AE5EA9F4986E6C68DC8F894 /* Frameworks */ = {
			isa = PBXGroup;
			children = (
				FF19E3401D95F66100375804 /* Alamofire.framework */,
				FF19E3411D95F66100375804 /* SwiftyJSON.framework */,
				FF19E33C1D95F55900375804 /* Pods_TelecareLive.framework */,
				FF19E33A1D95F51300375804 /* KeychainSwift.framework */,
				0558B3279EF470A72B4031F4 /* Pods_TelecareLive.framework */,
			);
			name = Frameworks;
			sourceTree = "<group>";
		};
		95356C7B1FB76DC70C64F307 /* Pods */ = {
			isa = PBXGroup;
			children = (
				F38FFB0811D2264D88403493 /* Pods-TelecareLive.debug.xcconfig */,
				30010F04894E758F00C8E892 /* Pods-TelecareLive.release.xcconfig */,
			);
			name = Pods;
			sourceTree = "<group>";
		};
		FF0089301D935BB600127B66 = {
			isa = PBXGroup;
			children = (
				FF00893B1D935BB600127B66 /* TelecareLive */,
				FF00893A1D935BB600127B66 /* Products */,
				95356C7B1FB76DC70C64F307 /* Pods */,
				5AE5EA9F4986E6C68DC8F894 /* Frameworks */,
			);
			sourceTree = "<group>";
		};
		FF00893A1D935BB600127B66 /* Products */ = {
			isa = PBXGroup;
			children = (
				FF0089391D935BB600127B66 /* TelecareLive.app */,
			);
			name = Products;
			sourceTree = "<group>";
		};
		FF00893B1D935BB600127B66 /* TelecareLive */ = {
			isa = PBXGroup;
			children = (
				FF00893C1D935BB600127B66 /* AppDelegate.swift */,
				FF00893E1D935BB600127B66 /* ViewController.swift */,
				FF0089401D935BB600127B66 /* Main.storyboard */,
				FF0089431D935BB600127B66 /* Assets.xcassets */,
				FF0089451D935BB600127B66 /* LaunchScreen.storyboard */,
				FF0089481D935BB600127B66 /* Info.plist */,
			);
			path = TelecareLive;
			sourceTree = "<group>";
		};
/* End PBXGroup section */

/* Begin PBXNativeTarget section */
		FF0089381D935BB600127B66 /* TelecareLive */ = {
			isa = PBXNativeTarget;
			buildConfigurationList = FF00894B1D935BB600127B66 /* Build configuration list for PBXNativeTarget "TelecareLive" */;
			buildPhases = (
				03403DE70001AB75A83F88D8 /* [CP] Check Pods Manifest.lock */,
				FF0089351D935BB600127B66 /* Sources */,
				FF0089361D935BB600127B66 /* Frameworks */,
				FF0089371D935BB600127B66 /* Resources */,
				A5B95426F062154ADEEC37D5 /* [CP] Embed Pods Frameworks */,
				799729F5BC2EC75EE467C5C0 /* [CP] Copy Pods Resources */,
			);
			buildRules = (
			);
			dependencies = (
			);
			name = TelecareLive;
			productName = TelecareLive;
			productReference = FF0089391D935BB600127B66 /* TelecareLive.app */;
			productType = "com.apple.product-type.application";
		};
/* End PBXNativeTarget section */

/* Begin PBXProject section */
		FF0089311D935BB600127B66 /* Project object */ = {
			isa = PBXProject;
			attributes = {
				LastSwiftUpdateCheck = 0800;
				LastUpgradeCheck = 0800;
				ORGANIZATIONNAME = "Syworks LLC";
				TargetAttributes = {
					FF0089381D935BB600127B66 = {
						CreatedOnToolsVersion = 8.0;
						DevelopmentTeam = 8DA4VRM89P;
						ProvisioningStyle = Automatic;
					};
				};
			};
			buildConfigurationList = FF0089341D935BB600127B66 /* Build configuration list for PBXProject "TelecareLive" */;
			compatibilityVersion = "Xcode 3.2";
			developmentRegion = English;
			hasScannedForEncodings = 0;
			knownRegions = (
				en,
				Base,
			);
			mainGroup = FF0089301D935BB600127B66;
			productRefGroup = FF00893A1D935BB600127B66 /* Products */;
			projectDirPath = "";
			projectRoot = "";
			targets = (
				FF0089381D935BB600127B66 /* TelecareLive */,
			);
		};
/* End PBXProject section */

/* Begin PBXResourcesBuildPhase section */
		FF0089371D935BB600127B66 /* Resources */ = {
			isa = PBXResourcesBuildPhase;
			buildActionMask = 2147483647;
			files = (
				FF0089471D935BB600127B66 /* LaunchScreen.storyboard in Resources */,
				FF0089441D935BB600127B66 /* Assets.xcassets in Resources */,
				FF0089421D935BB600127B66 /* Main.storyboard in Resources */,
			);
			runOnlyForDeploymentPostprocessing = 0;
		};
/* End PBXResourcesBuildPhase section */

/* Begin PBXShellScriptBuildPhase section */
		03403DE70001AB75A83F88D8 /* [CP] Check Pods Manifest.lock */ = {
			isa = PBXShellScriptBuildPhase;
			buildActionMask = 2147483647;
			files = (
			);
			inputPaths = (
			);
			name = "[CP] Check Pods Manifest.lock";
			outputPaths = (
			);
			runOnlyForDeploymentPostprocessing = 0;
			shellPath = /bin/sh;
			shellScript = "diff \"${PODS_ROOT}/../Podfile.lock\" \"${PODS_ROOT}/Manifest.lock\" > /dev/null\nif [ $? != 0 ] ; then\n    # print error to STDERR\n    echo \"error: The sandbox is not in sync with the Podfile.lock. Run 'pod install' or update your CocoaPods installation.\" >&2\n    exit 1\nfi\n";
			showEnvVarsInLog = 0;
		};
		799729F5BC2EC75EE467C5C0 /* [CP] Copy Pods Resources */ = {
			isa = PBXShellScriptBuildPhase;
			buildActionMask = 2147483647;
			files = (
			);
			inputPaths = (
			);
			name = "[CP] Copy Pods Resources";
			outputPaths = (
			);
			runOnlyForDeploymentPostprocessing = 0;
			shellPath = /bin/sh;
			shellScript = "\"${SRCROOT}/Pods/Target Support Files/Pods-TelecareLive/Pods-TelecareLive-resources.sh\"\n";
			showEnvVarsInLog = 0;
		};
		A5B95426F062154ADEEC37D5 /* [CP] Embed Pods Frameworks */ = {
			isa = PBXShellScriptBuildPhase;
			buildActionMask = 2147483647;
			files = (
			);
			inputPaths = (
			);
			name = "[CP] Embed Pods Frameworks";
			outputPaths = (
			);
			runOnlyForDeploymentPostprocessing = 0;
			shellPath = /bin/sh;
			shellScript = "\"${SRCROOT}/Pods/Target Support Files/Pods-TelecareLive/Pods-TelecareLive-frameworks.sh\"\n";
			showEnvVarsInLog = 0;
		};
/* End PBXShellScriptBuildPhase section */

/* Begin PBXSourcesBuildPhase section */
		FF0089351D935BB600127B66 /* Sources */ = {
			isa = PBXSourcesBuildPhase;
			buildActionMask = 2147483647;
			files = (
				FF00893F1D935BB600127B66 /* ViewController.swift in Sources */,
				FF00893D1D935BB600127B66 /* AppDelegate.swift in Sources */,
			);
			runOnlyForDeploymentPostprocessing = 0;
		};
/* End PBXSourcesBuildPhase section */

/* Begin PBXVariantGroup section */
		FF0089401D935BB600127B66 /* Main.storyboard */ = {
			isa = PBXVariantGroup;
			children = (
				FF0089411D935BB600127B66 /* Base */,
			);
			name = Main.storyboard;
			sourceTree = "<group>";
		};
		FF0089451D935BB600127B66 /* LaunchScreen.storyboard */ = {
			isa = PBXVariantGroup;
			children = (
				FF0089461D935BB600127B66 /* Base */,
			);
			name = LaunchScreen.storyboard;
			sourceTree = "<group>";
		};
/* End PBXVariantGroup section */

/* Begin XCBuildConfiguration section */
		FF0089491D935BB600127B66 /* Debug */ = {
			isa = XCBuildConfiguration;
			buildSettings = {
				ALWAYS_SEARCH_USER_PATHS = NO;
				CLANG_ANALYZER_NONNULL = YES;
				CLANG_CXX_LANGUAGE_STANDARD = "gnu++0x";
				CLANG_CXX_LIBRARY = "libc++";
				CLANG_ENABLE_MODULES = YES;
				CLANG_ENABLE_OBJC_ARC = YES;
				CLANG_WARN_BOOL_CONVERSION = YES;
				CLANG_WARN_CONSTANT_CONVERSION = YES;
				CLANG_WARN_DIRECT_OBJC_ISA_USAGE = YES_ERROR;
				CLANG_WARN_DOCUMENTATION_COMMENTS = YES;
				CLANG_WARN_EMPTY_BODY = YES;
				CLANG_WARN_ENUM_CONVERSION = YES;
				CLANG_WARN_INFINITE_RECURSION = YES;
				CLANG_WARN_INT_CONVERSION = YES;
				CLANG_WARN_OBJC_ROOT_CLASS = YES_ERROR;
				CLANG_WARN_SUSPICIOUS_MOVES = YES;
				CLANG_WARN_UNREACHABLE_CODE = YES;
				CLANG_WARN__DUPLICATE_METHOD_MATCH = YES;
				"CODE_SIGN_IDENTITY[sdk=iphoneos*]" = "iPhone Developer";
				COPY_PHASE_STRIP = NO;
				DEBUG_INFORMATION_FORMAT = dwarf;
				ENABLE_STRICT_OBJC_MSGSEND = YES;
				ENABLE_TESTABILITY = YES;
				GCC_C_LANGUAGE_STANDARD = gnu99;
				GCC_DYNAMIC_NO_PIC = NO;
				GCC_NO_COMMON_BLOCKS = YES;
				GCC_OPTIMIZATION_LEVEL = 0;
				GCC_PREPROCESSOR_DEFINITIONS = (
					"DEBUG=1",
					"$(inherited)",
				);
				GCC_WARN_64_TO_32_BIT_CONVERSION = YES;
				GCC_WARN_ABOUT_RETURN_TYPE = YES_ERROR;
				GCC_WARN_UNDECLARED_SELECTOR = YES;
				GCC_WARN_UNINITIALIZED_AUTOS = YES_AGGRESSIVE;
				GCC_WARN_UNUSED_FUNCTION = YES;
				GCC_WARN_UNUSED_VARIABLE = YES;
				IPHONEOS_DEPLOYMENT_TARGET = 10.0;
				MTL_ENABLE_DEBUG_INFO = YES;
				ONLY_ACTIVE_ARCH = YES;
				SDKROOT = iphoneos;
				SWIFT_ACTIVE_COMPILATION_CONDITIONS = DEBUG;
				SWIFT_OPTIMIZATION_LEVEL = "-Onone";
			};
			name = Debug;
		};
		FF00894A1D935BB600127B66 /* Release */ = {
			isa = XCBuildConfiguration;
			buildSettings = {
				ALWAYS_SEARCH_USER_PATHS = NO;
				CLANG_ANALYZER_NONNULL = YES;
				CLANG_CXX_LANGUAGE_STANDARD = "gnu++0x";
				CLANG_CXX_LIBRARY = "libc++";
				CLANG_ENABLE_MODULES = YES;
				CLANG_ENABLE_OBJC_ARC = YES;
				CLANG_WARN_BOOL_CONVERSION = YES;
				CLANG_WARN_CONSTANT_CONVERSION = YES;
				CLANG_WARN_DIRECT_OBJC_ISA_USAGE = YES_ERROR;
				CLANG_WARN_DOCUMENTATION_COMMENTS = YES;
				CLANG_WARN_EMPTY_BODY = YES;
				CLANG_WARN_ENUM_CONVERSION = YES;
				CLANG_WARN_INFINITE_RECURSION = YES;
				CLANG_WARN_INT_CONVERSION = YES;
				CLANG_WARN_OBJC_ROOT_CLASS = YES_ERROR;
				CLANG_WARN_SUSPICIOUS_MOVES = YES;
				CLANG_WARN_UNREACHABLE_CODE = YES;
				CLANG_WARN__DUPLICATE_METHOD_MATCH = YES;
				"CODE_SIGN_IDENTITY[sdk=iphoneos*]" = "iPhone Developer";
				COPY_PHASE_STRIP = NO;
				DEBUG_INFORMATION_FORMAT = "dwarf-with-dsym";
				ENABLE_NS_ASSERTIONS = NO;
				ENABLE_STRICT_OBJC_MSGSEND = YES;
				GCC_C_LANGUAGE_STANDARD = gnu99;
				GCC_NO_COMMON_BLOCKS = YES;
				GCC_WARN_64_TO_32_BIT_CONVERSION = YES;
				GCC_WARN_ABOUT_RETURN_TYPE = YES_ERROR;
				GCC_WARN_UNDECLARED_SELECTOR = YES;
				GCC_WARN_UNINITIALIZED_AUTOS = YES_AGGRESSIVE;
				GCC_WARN_UNUSED_FUNCTION = YES;
				GCC_WARN_UNUSED_VARIABLE = YES;
				IPHONEOS_DEPLOYMENT_TARGET = 10.0;
				MTL_ENABLE_DEBUG_INFO = NO;
				SDKROOT = iphoneos;
				SWIFT_OPTIMIZATION_LEVEL = "-Owholemodule";
				VALIDATE_PRODUCT = YES;
			};
			name = Release;
		};
		FF00894C1D935BB600127B66 /* Debug */ = {
			isa = XCBuildConfiguration;
			baseConfigurationReference = F38FFB0811D2264D88403493 /* Pods-TelecareLive.debug.xcconfig */;
			buildSettings = {
				ASSETCATALOG_COMPILER_APPICON_NAME = AppIcon;
				DEVELOPMENT_TEAM = 8DA4VRM89P;
				INFOPLIST_FILE = TelecareLive/Info.plist;
				LD_RUNPATH_SEARCH_PATHS = "$(inherited) @executable_path/Frameworks";
				PRODUCT_BUNDLE_IDENTIFIER = io.syworks.TelecareLive;
				PRODUCT_NAME = "$(TARGET_NAME)";
				SWIFT_VERSION = 3.0;
			};
			name = Debug;
		};
		FF00894D1D935BB600127B66 /* Release */ = {
			isa = XCBuildConfiguration;
			baseConfigurationReference = 30010F04894E758F00C8E892 /* Pods-TelecareLive.release.xcconfig */;
			buildSettings = {
				ASSETCATALOG_COMPILER_APPICON_NAME = AppIcon;
				DEVELOPMENT_TEAM = 8DA4VRM89P;
				INFOPLIST_FILE = TelecareLive/Info.plist;
				LD_RUNPATH_SEARCH_PATHS = "$(inherited) @executable_path/Frameworks";
				PRODUCT_BUNDLE_IDENTIFIER = io.syworks.TelecareLive;
				PRODUCT_NAME = "$(TARGET_NAME)";
				SWIFT_VERSION = 3.0;
			};
			name = Release;
		};
/* End XCBuildConfiguration section */

/* Begin XCConfigurationList section */
		FF0089341D935BB600127B66 /* Build configuration list for PBXProject "TelecareLive" */ = {
			isa = XCConfigurationList;
			buildConfigurations = (
				FF0089491D935BB600127B66 /* Debug */,
				FF00894A1D935BB600127B66 /* Release */,
			);
			defaultConfigurationIsVisible = 0;
			defaultConfigurationName = Release;
		};
		FF00894B1D935BB600127B66 /* Build configuration list for PBXNativeTarget "TelecareLive" */ = {
			isa = XCConfigurationList;
			buildConfigurations = (
				FF00894C1D935BB600127B66 /* Debug */,
				FF00894D1D935BB600127B66 /* Release */,
			);
			defaultConfigurationIsVisible = 0;
			defaultConfigurationName = Release;
		};
/* End XCConfigurationList section */
	};
	rootObject = FF0089311D935BB600127B66 /* Project object */;
}
